
Microsoft Visual Studio Solution File, Format Version 12.00
# Visual Studio Version 17
VisualStudioVersion = 17.13.35931.197
MinimumVisualStudioVersion = 10.0.40219.1
Project("{FAE04EC0-301F-11D3-BF4B-00C04F79EFBC}") = "FribergCarRentals.Mvc", "FribergCarRentals\FribergCarRentals.Mvc.csproj", "{95DE3EA4-8F1F-433E-8C1A-80D11C0AEA1D}"
EndProject
Project("{FAE04EC0-301F-11D3-BF4B-00C04F79EFBC}") = "FribergCarRentals.Core", "FribergCarRentals.Core\FribergCarRentals.Core.csproj", "{9E5F10A5-76D4-401B-A57B-1740D8A877E6}"
EndProject
Project("{FAE04EC0-301F-11D3-BF4B-00C04F79EFBC}") = "FribergCarRentals.Data", "FribergCarRentals.Data\FribergCarRentals.Data.csproj", "{18D6982F-DF04-4FA4-BC7C-15A3DB411A02}"
EndProject
Project("{FAE04EC0-301F-11D3-BF4B-00C04F79EFBC}") = "FribergCarRentals.WebApi", "FribergCarRentals.WebApi\FribergCarRentals.WebApi.csproj", "{B996D2D4-BC45-4237-91E8-CF9ECFEFCC67}"
EndProject
Project("{FAE04EC0-301F-11D3-BF4B-00C04F79EFBC}") = "FribergCarRentals.Tests", "FribergCarRentals.Tests\FribergCarRentals.Tests.csproj", "{9BE197F3-A17D-4F54-B847-ABEAC1AA4117}"
EndProject
Project("{FAE04EC0-301F-11D3-BF4B-00C04F79EFBC}") = "FribergCarRentals.Services", "FribergCarRentals.Services\FribergCarRentals.Services.csproj", "{7B7C38FC-3688-4D96-9F09-26107A0ECE96}"
EndProject
Global
	GlobalSection(SolutionConfigurationPlatforms) = preSolution
		Debug|Any CPU = Debug|Any CPU
		Release|Any CPU = Release|Any CPU
	EndGlobalSection
	GlobalSection(ProjectConfigurationPlatforms) = postSolution
		{95DE3EA4-8F1F-433E-8C1A-80D11C0AEA1D}.Debug|Any CPU.ActiveCfg = Debug|Any CPU
		{95DE3EA4-8F1F-433E-8C1A-80D11C0AEA1D}.Debug|Any CPU.Build.0 = Debug|Any CPU
		{95DE3EA4-8F1F-433E-8C1A-80D11C0AEA1D}.Release|Any CPU.ActiveCfg = Release|Any CPU
		{95DE3EA4-8F1F-433E-8C1A-80D11C0AEA1D}.Release|Any CPU.Build.0 = Release|Any CPU
		{9E5F10A5-76D4-401B-A57B-1740D8A877E6}.Debug|Any CPU.ActiveCfg = Debug|Any CPU
		{9E5F10A5-76D4-401B-A57B-1740D8A877E6}.Debug|Any CPU.Build.0 = Debug|Any CPU
		{9E5F10A5-76D4-401B-A57B-1740D8A877E6}.Release|Any CPU.ActiveCfg = Release|Any CPU
		{9E5F10A5-76D4-401B-A57B-1740D8A877E6}.Release|Any CPU.Build.0 = Release|Any CPU
		{18D6982F-DF04-4FA4-BC7C-15A3DB411A02}.Debug|Any CPU.ActiveCfg = Debug|Any CPU
		{18D6982F-DF04-4FA4-BC7C-15A3DB411A02}.Debug|Any CPU.Build.0 = Debug|Any CPU
		{18D6982F-DF04-4FA4-BC7C-15A3DB411A02}.Release|Any CPU.ActiveCfg = Release|Any CPU
		{18D6982F-DF04-4FA4-BC7C-15A3DB411A02}.Release|Any CPU.Build.0 = Release|Any CPU
		{B996D2D4-BC45-4237-91E8-CF9ECFEFCC67}.Debug|Any CPU.ActiveCfg = Debug|Any CPU
		{B996D2D4-BC45-4237-91E8-CF9ECFEFCC67}.Debug|Any CPU.Build.0 = Debug|Any CPU
		{B996D2D4-BC45-4237-91E8-CF9ECFEFCC67}.Release|Any CPU.ActiveCfg = Release|Any CPU
		{B996D2D4-BC45-4237-91E8-CF9ECFEFCC67}.Release|Any CPU.Build.0 = Release|Any CPU
		{9BE197F3-A17D-4F54-B847-ABEAC1AA4117}.Debug|Any CPU.ActiveCfg = Debug|Any CPU
		{9BE197F3-A17D-4F54-B847-ABEAC1AA4117}.Debug|Any CPU.Build.0 = Debug|Any CPU
		{9BE197F3-A17D-4F54-B847-ABEAC1AA4117}.Release|Any CPU.ActiveCfg = Release|Any CPU
		{9BE197F3-A17D-4F54-B847-ABEAC1AA4117}.Release|Any CPU.Build.0 = Release|Any CPU
		{7B7C38FC-3688-4D96-9F09-26107A0ECE96}.Debug|Any CPU.ActiveCfg = Debug|Any CPU
		{7B7C38FC-3688-4D96-9F09-26107A0ECE96}.Debug|Any CPU.Build.0 = Debug|Any CPU
		{7B7C38FC-3688-4D96-9F09-26107A0ECE96}.Release|Any CPU.ActiveCfg = Release|Any CPU
		{7B7C38FC-3688-4D96-9F09-26107A0ECE96}.Release|Any CPU.Build.0 = Release|Any CPU
	EndGlobalSection
	GlobalSection(SolutionProperties) = preSolution
		HideSolutionNode = FALSE
	EndGlobalSection
	GlobalSection(ExtensibilityGlobals) = postSolution
		SolutionGuid = {23F610D8-B9A6-4AD5-BCF7-A2E144E04342}
	EndGlobalSection
EndGlobal
